{
  "version": "5",
  "redirects": {
    "https://esm.sh/@types/he@~1.2.3/index.d.ts": "https://esm.sh/@types/he@1.2.3/index.d.ts",
    "https://esm.sh/@types/marked@~4.0.8/index.d.mts": "https://esm.sh/@types/marked@4.0.8/index.d.mts",
    "https://esm.sh/@types/prismjs@~1.26.5/index.d.ts": "https://esm.sh/@types/prismjs@1.26.6/index.d.ts",
    "https://esm.sh/@types/sanitize-html@~2.16.0/index.d.ts": "https://esm.sh/@types/sanitize-html@2.16.1/index.d.ts",
    "https://esm.sh/deepmerge@^4.2.2?target=denonext": "https://esm.sh/deepmerge@4.3.1?target=denonext",
    "https://esm.sh/dom-serializer@^1.0.1?target=denonext": "https://esm.sh/dom-serializer@1.4.1?target=denonext",
    "https://esm.sh/domelementtype@^2.0.1?target=denonext": "https://esm.sh/domelementtype@2.3.0?target=denonext",
    "https://esm.sh/domelementtype@^2.2.0?target=denonext": "https://esm.sh/domelementtype@2.3.0?target=denonext",
    "https://esm.sh/domhandler@^4.0.0?target=denonext": "https://esm.sh/domhandler@4.3.1?target=denonext",
    "https://esm.sh/domhandler@^4.2.0?target=denonext": "https://esm.sh/domhandler@4.3.1?target=denonext",
    "https://esm.sh/domutils@^2.5.2?target=denonext": "https://esm.sh/domutils@2.8.0?target=denonext",
    "https://esm.sh/entities@^2.0.0/lib/decode_codepoint?target=denonext": "https://esm.sh/entities@2.2.0/lib/decode_codepoint?target=denonext",
    "https://esm.sh/entities@^2.0.0/lib/maps/entities.json?module": "https://esm.sh/entities@2.2.0/lib/maps/entities.json?module",
    "https://esm.sh/entities@^2.0.0/lib/maps/legacy.json?module": "https://esm.sh/entities@2.2.0/lib/maps/legacy.json?module",
    "https://esm.sh/entities@^2.0.0/lib/maps/xml.json?module": "https://esm.sh/entities@2.2.0/lib/maps/xml.json?module",
    "https://esm.sh/entities@^2.0.0?target=denonext": "https://esm.sh/entities@2.2.0?target=denonext",
    "https://esm.sh/escape-string-regexp@^4.0.0?target=denonext": "https://esm.sh/escape-string-regexp@4.0.0?target=denonext",
    "https://esm.sh/htmlparser2@^6.0.0?target=denonext": "https://esm.sh/htmlparser2@6.1.0?target=denonext",
    "https://esm.sh/nanoid@^3.3.11/non-secure?target=denonext": "https://esm.sh/nanoid@3.3.12/non-secure?target=denonext",
    "https://esm.sh/parse-srcset@^1.0.2?target=denonext": "https://esm.sh/parse-srcset@1.0.2?target=denonext",
    "https://esm.sh/picocolors@^1.1.1?target=denonext": "https://esm.sh/picocolors@1.1.1?target=denonext",
    "https://esm.sh/postcss@^8.3.11?target=denonext": "https://esm.sh/postcss@8.5.13?target=denonext",
    "https://esm.sh/source-map-js@^1.2.1?target=denonext": "https://esm.sh/source-map-js@1.2.1?target=denonext",
    "https://esm.sh/style-vendorizer@^2.0.0?target=denonext": "https://esm.sh/style-vendorizer@2.2.3?target=denonext"
  },
  "remote": {
    "https://deno.land/std@0.140.0/_util/assert.ts": "e94f2eb37cebd7f199952e242c77654e43333c1ac4c5c700e929ea3aa5489f74",
    "https://deno.land/std@0.140.0/_util/os.ts": "3b4c6e27febd119d36a416d7a97bd3b0251b77c88942c8f16ee5953ea13e2e49",
    "https://deno.land/std@0.140.0/fs/_util.ts": "0fb24eb4bfebc2c194fb1afdb42b9c3dda12e368f43e8f2321f84fc77d42cb0f",
    "https://deno.land/std@0.140.0/fs/ensure_dir.ts": "9dc109c27df4098b9fc12d949612ae5c9c7169507660dcf9ad90631833209d9d",
    "https://deno.land/std@0.140.0/fs/expand_glob.ts": "0c10130d67c9b02164b03df8e43c6d6defbf8e395cb69d09e84a8586e6d72ac3",
    "https://deno.land/std@0.140.0/fs/walk.ts": "117403ccd21fd322febe56ba06053b1ad5064c802170f19b1ea43214088fe95f",
    "https://deno.land/std@0.140.0/path/_constants.ts": "df1db3ffa6dd6d1252cc9617e5d72165cd2483df90e93833e13580687b6083c3",
    "https://deno.land/std@0.140.0/path/_interface.ts": "ee3b431a336b80cf445441109d089b70d87d5e248f4f90ff906820889ecf8d09",
    "https://deno.land/std@0.140.0/path/_util.ts": "c1e9686d0164e29f7d880b2158971d805b6e0efc3110d0b3e24e4b8af2190d2b",
    "https://deno.land/std@0.140.0/path/common.ts": "bee563630abd2d97f99d83c96c2fa0cca7cee103e8cb4e7699ec4d5db7bd2633",
    "https://deno.land/std@0.140.0/path/glob.ts": "cb5255638de1048973c3e69e420c77dc04f75755524cb3b2e160fe9277d939ee",
    "https://deno.land/std@0.140.0/path/mod.ts": "d3e68d0abb393fb0bf94a6d07c46ec31dc755b544b13144dee931d8d5f06a52d",
    "https://deno.land/std@0.140.0/path/posix.ts": "293cdaec3ecccec0a9cc2b534302dfe308adb6f10861fa183275d6695faace44",
    "https://deno.land/std@0.140.0/path/separator.ts": "fe1816cb765a8068afb3e8f13ad272351c85cbc739af56dacfc7d93d710fe0f9",
    "https://deno.land/std@0.140.0/path/win32.ts": "31811536855e19ba37a999cd8d1b62078235548d67902ece4aa6b814596dd757",
    "https://deno.land/std@0.150.0/_util/assert.ts": "e94f2eb37cebd7f199952e242c77654e43333c1ac4c5c700e929ea3aa5489f74",
    "https://deno.land/std@0.150.0/_util/os.ts": "3b4c6e27febd119d36a416d7a97bd3b0251b77c88942c8f16ee5953ea13e2e49",
    "https://deno.land/std@0.150.0/async/abortable.ts": "87aa7230be8360c24ad437212311c9e8d4328854baec27b4c7abb26e85515c06",
    "https://deno.land/std@0.150.0/async/deadline.ts": "48ac998d7564969f3e6ec6b6f9bf0217ebd00239b1b2292feba61272d5dd58d0",
    "https://deno.land/std@0.150.0/async/debounce.ts": "564273ef242bcfcda19a439132f940db8694173abffc159ea34f07d18fc42620",
    "https://deno.land/std@0.150.0/async/deferred.ts": "bc18e28108252c9f67dfca2bbc4587c3cbf3aeb6e155f8c864ca8ecff992b98a",
    "https://deno.land/std@0.150.0/async/delay.ts": "cbbdf1c87d1aed8edc7bae13592fb3e27e3106e0748f089c263390d4f49e5f6c",
    "https://deno.land/std@0.150.0/async/mod.ts": "9852cd8ed897ab2d41a8fbee611d574e97898327db5c19d9d58e41126473f02c",
    "https://deno.land/std@0.150.0/async/mux_async_iterator.ts": "5b4aca6781ad0f2e19ccdf1d1a1c092ccd3e00d52050d9c27c772658c8367256",
    "https://deno.land/std@0.150.0/async/pool.ts": "ef9eb97b388543acbf0ac32647121e4dbe629236899586c4d4311a8770fbb239",
    "https://deno.land/std@0.150.0/async/tee.ts": "bcfae0017ebb718cf4eef9e2420e8675d91cb1bcc0ed9b668681af6e6caad846",
    "https://deno.land/std@0.150.0/flags/mod.ts": "594472736e24b2f2afd3451cf7ccd58a21706ce91006478a544fdfa056c69697",
    "https://deno.land/std@0.150.0/fs/_util.ts": "2cf50bfb1081c2d5f2efec10ac19abbc2baf478e51cd1b057d0da2f30585b6ba",
    "https://deno.land/std@0.150.0/fs/walk.ts": "6ce8d87fbaeda23383e979599ad27f3f94b3e5ff0c0cd976b5fc5c2aa0df7d92",
    "https://deno.land/std@0.150.0/http/http_status.ts": "897575a7d6bc2b9123f6a38ecbc0f03d95a532c5d92029315dc9f508e12526b8",
    "https://deno.land/std@0.150.0/http/server.ts": "0b0a9f3abfcfecead944b31ee9098a0c11a59b0495bf873ee200eb80e7441483",
    "https://deno.land/std@0.150.0/media_types/_util.ts": "ce9b4fc4ba1c447dafab619055e20fd88236ca6bdd7834a21f98bd193c3fbfa1",
    "https://deno.land/std@0.150.0/media_types/mod.ts": "2d4b6f32a087029272dc59e0a55ae3cc4d1b27b794ccf528e94b1925795b3118",
    "https://deno.land/std@0.150.0/media_types/vendor/mime-db.v1.52.0.ts": "724cee25fa40f1a52d3937d6b4fbbfdd7791ff55e1b7ac08d9319d5632c7f5af",
    "https://deno.land/std@0.150.0/path/_constants.ts": "df1db3ffa6dd6d1252cc9617e5d72165cd2483df90e93833e13580687b6083c3",
    "https://deno.land/std@0.150.0/path/_interface.ts": "ee3b431a336b80cf445441109d089b70d87d5e248f4f90ff906820889ecf8d09",
    "https://deno.land/std@0.150.0/path/_util.ts": "c1e9686d0164e29f7d880b2158971d805b6e0efc3110d0b3e24e4b8af2190d2b",
    "https://deno.land/std@0.150.0/path/common.ts": "bee563630abd2d97f99d83c96c2fa0cca7cee103e8cb4e7699ec4d5db7bd2633",
    "https://deno.land/std@0.150.0/path/glob.ts": "cb5255638de1048973c3e69e420c77dc04f75755524cb3b2e160fe9277d939ee",
    "https://deno.land/std@0.150.0/path/mod.ts": "4945b430b759b0b3d98f2a278542cbcf95e0ad2bd8eaaed3c67322b306b2b346",
    "https://deno.land/std@0.150.0/path/posix.ts": "c1f7afe274290ea0b51da07ee205653b2964bd74909a82deb07b69a6cc383aaa",
    "https://deno.land/std@0.150.0/path/separator.ts": "fe1816cb765a8068afb3e8f13ad272351c85cbc739af56dacfc7d93d710fe0f9",
    "https://deno.land/std@0.150.0/path/win32.ts": "bd7549042e37879c68ff2f8576a25950abbfca1d696d41d82c7bca0b7e6f452c",
    "https://deno.land/std@0.150.0/semver/mod.ts": "4a5195fa81b4aede8875a386550a1119f01fb58d74aea899b2cfb136c05a7310",
    "https://deno.land/std@0.152.0/async/abortable.ts": "87aa7230be8360c24ad437212311c9e8d4328854baec27b4c7abb26e85515c06",
    "https://deno.land/std@0.152.0/async/deadline.ts": "48ac998d7564969f3e6ec6b6f9bf0217ebd00239b1b2292feba61272d5dd58d0",
    "https://deno.land/std@0.152.0/async/debounce.ts": "564273ef242bcfcda19a439132f940db8694173abffc159ea34f07d18fc42620",
    "https://deno.land/std@0.152.0/async/deferred.ts": "bc18e28108252c9f67dfca2bbc4587c3cbf3aeb6e155f8c864ca8ecff992b98a",
    "https://deno.land/std@0.152.0/async/delay.ts": "cbbdf1c87d1aed8edc7bae13592fb3e27e3106e0748f089c263390d4f49e5f6c",
    "https://deno.land/std@0.152.0/async/mod.ts": "dd0a8ed4f3984ffabe2fcca7c9f466b7932d57b1864ffee148a5d5388316db6b",
    "https://deno.land/std@0.152.0/async/mux_async_iterator.ts": "5b4aca6781ad0f2e19ccdf1d1a1c092ccd3e00d52050d9c27c772658c8367256",
    "https://deno.land/std@0.152.0/async/pool.ts": "ef9eb97b388543acbf0ac32647121e4dbe629236899586c4d4311a8770fbb239",
    "https://deno.land/std@0.152.0/async/tee.ts": "bcfae0017ebb718cf4eef9e2420e8675d91cb1bcc0ed9b668681af6e6caad846",
    "https://deno.land/std@0.152.0/http/server.ts": "0b0a9f3abfcfecead944b31ee9098a0c11a59b0495bf873ee200eb80e7441483",
    "https://deno.land/x/code_block_writer@11.0.3/mod.ts": "2c3448060e47c9d08604c8f40dee34343f553f33edcdfebbf648442be33205e5",
    "https://deno.land/x/code_block_writer@11.0.3/utils/string_utils.ts": "60cb4ec8bd335bf241ef785ccec51e809d576ff8e8d29da43d2273b69ce2a6ff",
    "https://deno.land/x/denoflate@1.2.1/mod.ts": "f5628e44b80b3d80ed525afa2ba0f12408e3849db817d47a883b801f9ce69dd6",
    "https://deno.land/x/denoflate@1.2.1/pkg/denoflate.js": "b9f9ad9457d3f12f28b1fb35c555f57443427f74decb403113d67364e4f2caf4",
    "https://deno.land/x/denoflate@1.2.1/pkg/denoflate_bg.wasm.js": "d581956245407a2115a3d7e8d85a9641c032940a8e810acbd59ca86afd34d44d",
    "https://deno.land/x/emoji@0.1.2/all.ts": "f308ed6af940c3df7436a80dc8d016c3dcc16c3890a12724cf7e043a9e489a29",
    "https://deno.land/x/emoji@0.1.2/emoji.ts": "e6aa205846a805bca29466d82d24476c9e8aecbee0e477b845d332786c2b1770",
    "https://deno.land/x/emoji@0.1.2/mod.ts": "e466029cda15415de960c53797b739e3034d9e56774895b34a534e054e6f4076",
    "https://deno.land/x/emoji@0.1.2/unicode.ts": "ac8079e8e1da66ae9e601c1fdd0e7641120c2b07ca7bd2875e65fe23e16e6199",
    "https://deno.land/x/esbuild@v0.14.51/mod.js": "7432566c71fac77637822dc230319c7392a2d2fef51204c9d12c956d7093c279",
    "https://deno.land/x/esbuild@v0.14.51/wasm.js": "afc1b6927543b664af60ce452c4929e5dc2bb9a0f4ed47b446a6431847c7598e",
    "https://deno.land/x/esbuild_deno_loader@0.5.2/deps.ts": "bf83c27b7787b2f245fa0bc0b99f5041aa949c000a81c016cfe828d06b476d37",
    "https://deno.land/x/esbuild_deno_loader@0.5.2/mod.ts": "bc111a68f323dbdb6edec68dd558ab732b27866d2ef304708872d763387b65d7",
    "https://deno.land/x/esbuild_deno_loader@0.5.2/src/deno.ts": "0e83ccabbe2b004389288e38df2031b79eb347df2d139fce9394d8e88a11f259",
    "https://deno.land/x/esbuild_deno_loader@0.5.2/src/native_loader.ts": "343854a566cf510cf25144f7c09fc0c1097780a31830305142a075d12bb697ba",
    "https://deno.land/x/esbuild_deno_loader@0.5.2/src/portable_loader.ts": "35b6c526eed8c2c781a3256b23c30aa7cce69c0ef1d583c15528663287ba18a3",
    "https://deno.land/x/esbuild_deno_loader@0.5.2/src/shared.ts": "b64749cd8c0f6252a11498bd8758ef1220003e46b2c9b68e16da63fd7e92b13a",
    "https://deno.land/x/fresh@1.1.2/dev.ts": "a66c7d64be35bcd6a8e12eec9c27ae335044c70363a241f2e36ee776db468622",
    "https://deno.land/x/fresh@1.1.2/plugins/twind.ts": "c0570d6010e29ba24ee5f43b9d3f1fe735f7fac76d9a3e680c9896373d669876",
    "https://deno.land/x/fresh@1.1.2/plugins/twind/shared.ts": "023e0ffcd66668753b5049edab0de46e6d66194fb6026c679034b9bbf04ad6f3",
    "https://deno.land/x/fresh@1.1.2/runtime.ts": "b02ec1e2e32cf73a33d262b7c9dcab9468ce16cd89fd424196c71003698a4ab0",
    "https://deno.land/x/fresh@1.1.2/server.ts": "f379c9aad24471a71e58fb887fa57e5cc27ad9df035987eb260541c78df38e84",
    "https://deno.land/x/fresh@1.1.2/src/dev/deps.ts": "de5470828c17839c0b52c328e6709f3477740b9800deaf724d6569b64b1d3872",
    "https://deno.land/x/fresh@1.1.2/src/dev/error.ts": "21a38d240c00279662e6adde41367f1da0ae7e2836d993f818ea94aabab53e7b",
    "https://deno.land/x/fresh@1.1.2/src/dev/mod.ts": "f5836b2eccd0efd7c0a726a121f174a974daefc22058f759f07d4df56c46e978",
    "https://deno.land/x/fresh@1.1.2/src/runtime/csp.ts": "9ee900e9b0b786057b1009da5976298c202d1b86d1f1e4d2510bde5f06530ac9",
    "https://deno.land/x/fresh@1.1.2/src/runtime/head.ts": "0f9932874497ab6e57ed1ba01d549e843523df4a5d36ef97460e7a43e3132fdc",
    "https://deno.land/x/fresh@1.1.2/src/runtime/utils.ts": "8320a874a44bdd5905c7d4b87a0e7a14a6c50a2ed133800e72ae57341e4d4faa",
    "https://deno.land/x/fresh@1.1.2/src/server/bundle.ts": "f529a54ea5e078b9bd94c64c2ad345a3ba763b39c25b6e61f90629bdfa39c2ff",
    "https://deno.land/x/fresh@1.1.2/src/server/constants.ts": "ad10dda1bc20c25c2926f6a8cfd79ef4368d70b4b03a645f65c04b3fa7d93a8c",
    "https://deno.land/x/fresh@1.1.2/src/server/context.ts": "b385b982de2e5ee6e543dd56aad0e88f8f8fe5d9497909cf16caaf23b4d88b62",
    "https://deno.land/x/fresh@1.1.2/src/server/default_error_page.ts": "1155ac98b3729bf2e51be730af507e431db0ee43ac84c86f1c022a831b310106",
    "https://deno.land/x/fresh@1.1.2/src/server/deps.ts": "1c4e05b7d6e4eecc0012c9ec30ee587d8f533ab67c2bcb59048ed5f76841a770",
    "https://deno.land/x/fresh@1.1.2/src/server/htmlescape.ts": "834ac7d0caa9fc38dffd9b8613fb47aeecd4f22d5d70c51d4b20a310c085835c",
    "https://deno.land/x/fresh@1.1.2/src/server/mod.ts": "72d213444334dd2e94c757a0eee0fc486c0919399ea9184d07ad042f34edd00d",
    "https://deno.land/x/fresh@1.1.2/src/server/render.ts": "6f50707bd1f6e33ed84bb71ae3b0996d202b953cefc4285f5356524c7b21f01f",
    "https://deno.land/x/fresh@1.1.2/src/server/types.ts": "dde992ab4ee635df71a7fc96fe4cd85943c1a9286ea8eb586563d5f5ca154955",
    "https://deno.land/x/gfm@0.1.26/deps.ts": "40d2c2846d5f2a92cc81401099f39f26fc541af000a01ac0dede689646843365",
    "https://deno.land/x/gfm@0.1.26/mod.ts": "76783b868075d832e7cacd75213a29e257a5323879fcce577a659157b2146351",
    "https://deno.land/x/gfm@0.1.26/style.js": "8c149019a4ed464097af73dadec887e9171e027db58a36c88353aaaf6671df82",
    "https://deno.land/x/importmap@0.2.1/_util.ts": "ada9a9618b537e6c0316c048a898352396c882b9f2de38aba18fd3f2950ede89",
    "https://deno.land/x/importmap@0.2.1/mod.ts": "ae3d1cd7eabd18c01a4960d57db471126b020f23b37ef14e1359bbb949227ade",
    "https://deno.land/x/rutt@0.0.13/mod.ts": "af981cfb95131152bf50fc9140fc00cb3efb6563df2eded1d408361d8577df20",
    "https://deno.land/x/tabler_icons_tsx@0.0.2/tsx/brand-github.tsx": "583c14b1fcea8a5fb3caf390516d252f8093a97d2bf2554a121f2dcbd648b401",
    "https://deno.land/x/tabler_icons_tsx@0.0.2/tsx/brand-linkedin.tsx": "fdb147c60a26c21ea85a923224c0c407a40b3ca632e2f0b18a1614bec9c84853",
    "https://deno.land/x/tabler_icons_tsx@0.0.2/tsx/building-skyscraper.tsx": "c67c95c1f02c68d38a74675f8e87e63f64e195d09f7258718fe04ff6a6c41ec2",
    "https://deno.land/x/tabler_icons_tsx@0.0.2/tsx/folder.tsx": "ff419712f93887741eeb5f42a3e808e3d49a481b0b652518840bdcddebcf24a1",
    "https://deno.land/x/tabler_icons_tsx@0.0.2/tsx/git-fork.tsx": "c9f6c2b5a56240d24d58e7b4e24d790048bec4e77bafbd5937b44767250aad7d",
    "https://deno.land/x/tabler_icons_tsx@0.0.2/tsx/globe.tsx": "91b2d107b01e0bc441617f46c16b56d6e6454e04d9d8ccd05bcb292ee804d4fb",
    "https://deno.land/x/tabler_icons_tsx@0.0.2/tsx/location.tsx": "ee40aa0895e8b6a8bc0fd10f9bf2aee8b539d75c621969b35c7912d69e6179cb",
    "https://deno.land/x/tabler_icons_tsx@0.0.2/tsx/mail.tsx": "a95dbd3ced508e0411131fde89fecb1daa503cadec42632569ba614f78035883",
    "https://deno.land/x/tabler_icons_tsx@0.0.2/tsx/phone-call.tsx": "c7ef8ef96b671969b0ce0153150bb390e1158c5fa1e28afe8c33d9247482a83d",
    "https://deno.land/x/tabler_icons_tsx@0.0.2/tsx/star.tsx": "266cdb86e420db7f8add641b566a9b7f1bee04c519a22e46dfd51ff21fbe3b51",
    "https://deno.land/x/ts_morph@16.0.0/common/DenoRuntime.ts": "537800e840d0994f9055164e11bf33eadf96419246af0d3c453793c3ae67bdb3",
    "https://deno.land/x/ts_morph@16.0.0/common/mod.ts": "01985d2ee7da8d1caee318a9d07664774fbee4e31602bc2bb6bb62c3489555ed",
    "https://deno.land/x/ts_morph@16.0.0/common/ts_morph_common.js": "7d908bf4f416aa96de956dc11ecc83b585bed297e16418d496ca04a3481067e0",
    "https://deno.land/x/ts_morph@16.0.0/common/typescript.js": "5c59651248a4c41b25fa7beee8e0d0d0fab5f439fa72d478e65abd8241aa533c",
    "https://deno.land/x/ts_morph@16.0.0/mod.ts": "adba9b82f24865d15d2c78ef6074b9a7457011719056c9928c800f130a617c93",
    "https://deno.land/x/ts_morph@16.0.0/ts_morph.js": "9fc0f3d6a3997c2df023fabc4e529d2117d214ffd4fd04247ca2f56c4e9cd470",
    "https://esm.sh/*preact-render-to-string@5.2.4": "1ffa9ab000b1c3b13a02d328161bceaef13afbc4e65f1e63c74f66482e0c4c35",
    "https://esm.sh/*preact-render-to-string@5.2.4/denonext/preact-render-to-string.mjs": "89318be272628e805099c40d43890d1416b17e356368480cc6c7f9d5a689138f",
    "https://esm.sh/deepmerge@4.3.1/denonext/deepmerge.mjs": "1f448aaa83a52514faecb2edc02eb766c9eb10b935b9ac4c1c2a877a0bb56b80",
    "https://esm.sh/deepmerge@4.3.1?target=denonext": "a8faef33b536441a2c63f8c967d160848eb1f898a8e83a35a9f0623ecd9063d3",
    "https://esm.sh/dom-serializer@1.4.1/denonext/dom-serializer.mjs": "6afe40853b4468ccc9aa8cfe19e4a620f5d6d659deaaf8fe1978a78861d6dd97",
    "https://esm.sh/dom-serializer@1.4.1?target=denonext": "0e9f0b638ed1b288844bb51781f455f4b7c10fa1053f3be8497bcea468bdaa87",
    "https://esm.sh/domelementtype@2.3.0/denonext/domelementtype.mjs": "4f3b57348729cd517560139eb1969ca2fe9cc58c5188abe56e7336d5cb557cc0",
    "https://esm.sh/domelementtype@2.3.0?target=denonext": "2beb2a1e3d18892a9b00ef9528811b93f613a77d2b6fb25376ec0f109ac48a4f",
    "https://esm.sh/domhandler@4.3.1/denonext/domhandler.mjs": "361526a27076c2a91517416b423bbb42534ee7f2e522f5bdc5589bbcbf4ffd7a",
    "https://esm.sh/domhandler@4.3.1?target=denonext": "ac1fbcd8e2f4b35996e1e6e1b84363c94ab2838d78c170a26f32256570c31f59",
    "https://esm.sh/domutils@2.8.0/denonext/domutils.mjs": "b9f93303d4ac2c32b4e702dbb64fae86af1ff668d9bd4c7fadda2f5290e6ec39",
    "https://esm.sh/domutils@2.8.0?target=denonext": "55975fffde32fe93e7614943409c1c5e0a5b90fd584be3890130619c662451e1",
    "https://esm.sh/entities@2.2.0/denonext/entities.mjs": "d531bc5720975318b372d74fe0d6b323729262296fb7ed1910f827a27ea01d85",
    "https://esm.sh/entities@2.2.0/denonext/lib/decode_codepoint.mjs": "0c4191deb2f008d9061aea06bcb7ccfbac9a6a7c8a913be5739266ca025b94d6",
    "https://esm.sh/entities@2.2.0/lib/decode_codepoint?target=denonext": "fe548ed332162c0c84fa2cac2dccc413fa2f038d24ebafb72383fc825d57e1f9",
    "https://esm.sh/entities@2.2.0/lib/maps/entities.json?module": "beb583b520a74f437f8c8e8253f6d31217d2849d666827986a9229a5057108b9",
    "https://esm.sh/entities@2.2.0/lib/maps/legacy.json?module": "c74f610eadd830b6b619da006810e090ce6cd8055b091cef2cad73c75c02b17e",
    "https://esm.sh/entities@2.2.0/lib/maps/xml.json?module": "937ec2a06ad2beaeb20b3ca285dcb2775fc4db34a119354ef24dd0bc02399beb",
    "https://esm.sh/entities@2.2.0?target=denonext": "1c51d3da06cb39e0cf1075ea38b83b28ca1c9c1429d41a51c52f9693df8810ef",
    "https://esm.sh/escape-string-regexp@4.0.0/denonext/escape-string-regexp.mjs": "8b9ba1b04d86262e578b7ed6f847ab744d87f8c6fdc93d0ce4814066346f253c",
    "https://esm.sh/escape-string-regexp@4.0.0?target=denonext": "773f8560c5504d7a3d2ace5dcf985473388172a407673060a1a106d1fe10076e",
    "https://esm.sh/he@1.2.0": "bc304782debd103009d8ad8554a39142d747ad2bc3e41dd4925879611f5fd0dd",
    "https://esm.sh/he@1.2.0/denonext/he.mjs": "909418f242c58b64c65b0f18e3107395a3279a80c5521f0fc6551dbbe140ed14",
    "https://esm.sh/htmlparser2@6.1.0/denonext/htmlparser2.mjs": "21405f88f72f41abf653df17bd6632d2ad287fe0592ece8e4f61da2f5daf331a",
    "https://esm.sh/htmlparser2@6.1.0?target=denonext": "49f8fd0c8b2d7ad0295b187c7f4b6aa83910e415e1ecbb683388dded591a3bef",
    "https://esm.sh/marked@4.0.12": "8641c18c59229dbef38a454f8824ccd184fa780f44d63d11a7fc5b32678b8a52",
    "https://esm.sh/marked@4.0.12/denonext/marked.mjs": "957bafc369e183ca3980ca1aa0168b590d5de833a49c0f951ad9e9894f85850f",
    "https://esm.sh/nanoid@3.3.12/denonext/non-secure.mjs": "eb3ef9d7f266af468b70045f51fd4214ee301feae408ba1377353d9b7feb0e12",
    "https://esm.sh/nanoid@3.3.12/non-secure?target=denonext": "1da2b7372480aa2cb6a7af32504589827b733e3945a7552bb3b2d50198bf08ee",
    "https://esm.sh/parse-srcset@1.0.2/denonext/parse-srcset.mjs": "eaed6b50e95f4be186d52d09bdf27fc7f2cbdd18c300558b11e189db53e32c44",
    "https://esm.sh/parse-srcset@1.0.2?target=denonext": "5a5bb01aad672c419745d58be9f946481eb0458365a612725eb33761068036af",
    "https://esm.sh/picocolors@1.1.1/denonext/picocolors.mjs": "fa0033734392d8b8ad0c565338a77fa835e8b00e9ef244bf6f36570dd699ea3f",
    "https://esm.sh/picocolors@1.1.1?target=denonext": "97aaf037b1af74a20fe9f9f2beabba700924823101e86bdcd3ae2c9327376f74",
    "https://esm.sh/postcss@8.5.13/denonext/lib/at-rule.mjs": "fe93b2f82b0ed4e2fbb0b0496bdc663e60a1165c1ecaeb21d0f5a8615471d313",
    "https://esm.sh/postcss@8.5.13/denonext/lib/comment.mjs": "0dd806be7c85790c99f4e230974f75b66697d09eab9f011447b14ed36ca0d388",
    "https://esm.sh/postcss@8.5.13/denonext/lib/container.mjs": "553eea0724181caf0449f2e8a4ba395945047fb58af39777261d2002c8b221c0",
    "https://esm.sh/postcss@8.5.13/denonext/lib/css-syntax-error.mjs": "346f2a137fc5742fcb6e440295566098b7403d03dbbd24052dcd7b71fcf0ddab",
    "https://esm.sh/postcss@8.5.13/denonext/lib/declaration.mjs": "eba86cae195205ca61364b9590f8957e408c3a15e850f1fec40da72598fa0454",
    "https://esm.sh/postcss@8.5.13/denonext/lib/document.mjs": "cbbbec9f111b5bfd2894a37762c15e092d2309ad51c8d2c2d829ec7700193e56",
    "https://esm.sh/postcss@8.5.13/denonext/lib/fromJSON.mjs": "cc5579ff5500792b388b3de1e36a8090a1562c118eb0ebf40f00a65d29c72fde",
    "https://esm.sh/postcss@8.5.13/denonext/lib/input.mjs": "699804c5ff590b71bbc41ccd9a175bb4809c12a504ceabec7aec9844f6fd1018",
    "https://esm.sh/postcss@8.5.13/denonext/lib/lazy-result.mjs": "ebb8cb4fbbc8eacdcdcf8e11dcdecbbcad3511988d24acbe1eded0c0ab76a988",
    "https://esm.sh/postcss@8.5.13/denonext/lib/list.mjs": "a312b0648d4fae1b5cab312acf84c3965453e76c06e33bf272f7eb7a395efdd4",
    "https://esm.sh/postcss@8.5.13/denonext/lib/map-generator.mjs": "1ef1e56c53a1c1fe286ee095930199aca3a22d572e0c043a7b9918d154860b42",
    "https://esm.sh/postcss@8.5.13/denonext/lib/no-work-result.mjs": "d9d08745d5a0a6a81622c41f5c688cbebe82b0539ceca35ab852ab1e4db20475",
    "https://esm.sh/postcss@8.5.13/denonext/lib/node.mjs": "58b811fe656797cadbfa65c75e29b8662d33bceaacc823185072d6e9aecfe3a4",
    "https://esm.sh/postcss@8.5.13/denonext/lib/parse.mjs": "41c3d8339ce0bfb3ff0d4a1eeb4bd0109a5e8afa4334aa7b29ec95ab7a81db59",
    "https://esm.sh/postcss@8.5.13/denonext/lib/parser.mjs": "6067193786b13c0855c6d5db0c74d2ca50e2ef172b1cdd2229a0ab5d0abcd466",
    "https://esm.sh/postcss@8.5.13/denonext/lib/previous-map.mjs": "888f4dcb106babad5fe68e70ce2d59684294d2a3675a4c2f715874318e1b0c7e",
    "https://esm.sh/postcss@8.5.13/denonext/lib/processor.mjs": "8c73d4807c2ba06e20e760c809e0303b4eb062fa3330ac516400d33a7813306d",
    "https://esm.sh/postcss@8.5.13/denonext/lib/result.mjs": "fe63d7dc08e719542b0b48177072ac53160d557cf9d75ee4a2af29ffd293e8da",
    "https://esm.sh/postcss@8.5.13/denonext/lib/root.mjs": "83a0cc429b8b39d0750e44d4335ed0b50788065d864f7ab4f4572a41ca927ece",
    "https://esm.sh/postcss@8.5.13/denonext/lib/rule.mjs": "fcb7ff119bd446c240f7c007436f002bedee1589608db2f9854bd7979d142c7f",
    "https://esm.sh/postcss@8.5.13/denonext/lib/stringifier.mjs": "f941d53d709ef0a77060f6cf6817e5c1dbadcb126cedac04c9c6fc491bf20457",
    "https://esm.sh/postcss@8.5.13/denonext/lib/stringify.mjs": "5d49c3aa2359e2a40286e408da4d483d302b2c454d13755385d71f8761aca7b1",
    "https://esm.sh/postcss@8.5.13/denonext/lib/symbols.mjs": "db60dfea772311ecbb4d8fcc556d6b8964387797347702cbe28ad67fb2aa970f",
    "https://esm.sh/postcss@8.5.13/denonext/lib/terminal-highlight.mjs": "b624c97394d8c3b07376d5b7f976054a329d64f1cd9475f8c13955b00bc38079",
    "https://esm.sh/postcss@8.5.13/denonext/lib/tokenize.mjs": "3c02c353a34ebf0e115506eafe9eaa350a6f1f30cca046760b22b7291bcdff3f",
    "https://esm.sh/postcss@8.5.13/denonext/lib/warn-once.mjs": "e93d18d701ccf6a3049bc51a21e949a96fc3fe210c61eb289548ab0beb2c245f",
    "https://esm.sh/postcss@8.5.13/denonext/lib/warning.mjs": "0bfb0d4bf306807c722ad63be56f6411419bd7d48dcfc8bd591e0a6c9c797d83",
    "https://esm.sh/postcss@8.5.13/denonext/postcss.mjs": "991a6d00a2cec67d69c8952d20a23f230441110eac091a5f010511fd4bb88496",
    "https://esm.sh/postcss@8.5.13?target=denonext": "6497f6f097e4c5ef7d04e573625bd3b134a6a2b8b95c915acc1fd51f3e33c995",
    "https://esm.sh/preact@10.11.0": "67ba9f626d68b722ac761d611183309a643b90a536536592a4c9650adc65eabb",
    "https://esm.sh/preact@10.11.0/denonext/hooks.mjs": "5d09c7edcf1a7a58f0d4848620d4ac9c38ddebc466a0df3bab7456151b2e5819",
    "https://esm.sh/preact@10.11.0/denonext/jsx-runtime.mjs": "5f0966aa9a657c0d94c9e60d1512006cce29dd671ae87bee5ef7f6ad5abee737",
    "https://esm.sh/preact@10.11.0/denonext/preact.mjs": "2c1e4c15ded58c89bef0f6c1228190d9182797a7d2549a949a699893a025d0de",
    "https://esm.sh/preact@10.11.0/hooks": "a201660aeb8c8877e434815ef77cb9ad4ca675c3f2662c67a5202b6c27a0c992",
    "https://esm.sh/preact@10.11.0/jsx-runtime": "7d0bc73185921404cf454dd75a8fb1cb2cbf54c46b08842c2eb353e43c8a0d0b",
    "https://esm.sh/prismjs@1.27.0": "7f6ded0fc99551dc2132703ab0beb6670dd99a8a09027015db80d9500e644cb3",
    "https://esm.sh/prismjs@1.27.0/denonext/prismjs.mjs": "37412853d75d55f17215eced994ece328ffa7b72e6897809a1ad5a95e092c28c",
    "https://esm.sh/sanitize-html@2.7.0": "3b5b957c3195c7a542d6bda27b7ad3d9d320a8af64cbf7cd63aed8b8d92a0678",
    "https://esm.sh/sanitize-html@2.7.0/denonext/sanitize-html.mjs": "3e69efbd4fd5cdb8f76097550386d59b2cb222d7dea561a9aab31a321822db01",
    "https://esm.sh/source-map-js@1.2.1/denonext/source-map-js.mjs": "abc9dc062280bfd334ef791e2b520633293a1eb1a001ae9c9e3078d2638c3305",
    "https://esm.sh/source-map-js@1.2.1?target=denonext": "33ba5cf2ee7c1fe6b63b36c31e9075e290bc5c574055acbdc48c2f24a21d2f83",
    "https://esm.sh/style-vendorizer@2.2.3/denonext/style-vendorizer.mjs": "5201bd4a17899690af07a1f1d1de8504fb6ed401e3bd7fca4ce76598c2b3f4e6",
    "https://esm.sh/style-vendorizer@2.2.3?target=denonext": "046aa4bfbc2f2f1d624d74bde1b7d2227a5d9a00122725b711768554999fc3eb",
    "https://esm.sh/twind@0.16.17": "1e05db280ad2f2bf1fea0f3ad6c5e0cf9fae0d10775aabb36bfd2254fce69bdb",
    "https://esm.sh/twind@0.16.17/denonext/sheets.mjs": "fb0bf7d7df78c67954130f7c5229779f7171dafc9ccfe4029cd586e4e5dfd78d",
    "https://esm.sh/twind@0.16.17/denonext/twind.mjs": "197ba8db7ec1e541cd6be404b71f770abd7ebfdbcbf04bf02c2e4c1e3fd067a8",
    "https://esm.sh/twind@0.16.17/sheets": "03d294217bcde1fbb1fb9acb3e0a587d328b65c050b280c34dc86615ef1f6a43"
  }
}
